// !$*UTF8*$!
{
	archiveVersion = 1;
	classes = {
	};
	objectVersion = 50;
	objects = {

/* Begin PBXBuildFile section */
		A883EAAB21459CBE0061DD2E /* AppDelegate.swift in Sources */ = {isa = PBXBuildFile; fileRef = A883EAAA21459CBE0061DD2E /* AppDelegate.swift */; };
		A883EAAD21459CBE0061DD2E /* ViewController.swift in Sources */ = {isa = PBXBuildFile; fileRef = A883EAAC21459CBE0061DD2E /* ViewController.swift */; };
		A883EAB021459CBE0061DD2E /* Main.storyboard in Resources */ = {isa = PBXBuildFile; fileRef = A883EAAE21459CBE0061DD2E /* Main.storyboard */; };
		A883EAB221459CC10061DD2E /* Assets.xcassets in Resources */ = {isa = PBXBuildFile; fileRef = A883EAB121459CC10061DD2E /* Assets.xcassets */; };
		A883EAB521459CC10061DD2E /* LaunchScreen.storyboard in Resources */ = {isa = PBXBuildFile; fileRef = A883EAB321459CC10061DD2E /* LaunchScreen.storyboard */; };
		A883EADE2145A5350061DD2E /* BorderButton.swift in Sources */ = {isa = PBXBuildFile; fileRef = A883EADD2145A5350061DD2E /* BorderButton.swift */; };
/* End PBXBuildFile section */

/* Begin PBXFileReference section */
		A883EAA721459CBE0061DD2E /* app-swooch.app */ = {isa = PBXFileReference; explicitFileType = wrapper.application; includeInIndex = 0; path = "app-swooch.app"; sourceTree = BUILT_PRODUCTS_DIR; };
		A883EAAA21459CBE0061DD2E /* AppDelegate.swift */ = {isa = PBXFileReference; lastKnownFileType = sourcecode.swift; path = AppDelegate.swift; sourceTree = "<group>"; };
		A883EAAC21459CBE0061DD2E /* ViewController.swift */ = {isa = PBXFileReference; lastKnownFileType = sourcecode.swift; path = ViewController.swift; sourceTree = "<group>"; };
		A883EAAF21459CBE0061DD2E /* Base */ = {isa = PBXFileReference; lastKnownFileType = file.storyboard; name = Base; path = Base.lproj/Main.storyboard; sourceTree = "<group>"; };
		A883EAB121459CC10061DD2E /* Assets.xcassets */ = {isa = PBXFileReference; lastKnownFileType = folder.assetcatalog; path = Assets.xcassets; sourceTree = "<group>"; };
		A883EAB421459CC10061DD2E /* Base */ = {isa = PBXFileReference; lastKnownFileType = file.storyboard; name = Base; path = Base.lproj/LaunchScreen.storyboard; sourceTree = "<group>"; };
		A883EAB621459CC10061DD2E /* Info.plist */ = {isa = PBXFileReference; lastKnownFileType = text.plist.xml; path = Info.plist; sourceTree = "<group>"; };
		A883EADD2145A5350061DD2E /* BorderButton.swift */ = {isa = PBXFileReference; lastKnownFileType = sourcecode.swift; path = BorderButton.swift; sourceTree = "<group>"; };
/* End PBXFileReference section */

/* Begin PBXFrameworksBuildPhase section */
		A883EAA421459CBE0061DD2E /* Frameworks */ = {
			isa = PBXFrameworksBuildPhase;
			buildActionMask = 2147483647;
			files = (
			);
			runOnlyForDeploymentPostprocessing = 0;
		};
/* End PBXFrameworksBuildPhase section */

/* Begin PBXGroup section */
		A883EA9E21459CBE0061DD2E = {
			isa = PBXGroup;
			children = (
				A883EAA921459CBE0061DD2E /* app-swooch */,
				A883EAA821459CBE0061DD2E /* Products */,
			);
			sourceTree = "<group>";
		};
		A883EAA821459CBE0061DD2E /* Products */ = {
			isa = PBXGroup;
			children = (
				A883EAA721459CBE0061DD2E /* app-swooch.app */,
			);
			name = Products;
			sourceTree = "<group>";
		};
		A883EAA921459CBE0061DD2E /* app-swooch */ = {
			isa = PBXGroup;
			children = (
				A883EADA2145A4530061DD2E /* Views */,
				A883EAAA21459CBE0061DD2E /* AppDelegate.swift */,
				A883EAAC21459CBE0061DD2E /* ViewController.swift */,
				A883EAAE21459CBE0061DD2E /* Main.storyboard */,
				A883EAB121459CC10061DD2E /* Assets.xcassets */,
				A883EAB321459CC10061DD2E /* LaunchScreen.storyboard */,
				A883EAB621459CC10061DD2E /* Info.plist */,
			);
			path = "app-swooch";
			sourceTree = "<group>";
		};
		A883EADA2145A4530061DD2E /* Views */ = {
			isa = PBXGroup;
			children = (
				A883EADD2145A5350061DD2E /* BorderButton.swift */,
			);
			path = Views;
			sourceTree = "<group>";
		};
/* End PBXGroup section */

/* Begin PBXNativeTarget section */
		A883EAA621459CBE0061DD2E /* app-swooch */ = {
			isa = PBXNativeTarget;
			buildConfigurationList = A883EAB921459CC10061DD2E /* Build configuration list for PBXNativeTarget "app-swooch" */;
			buildPhases = (
				A883EAA321459CBE0061DD2E /* Sources */,
				A883EAA421459CBE0061DD2E /* Frameworks */,
				A883EAA521459CBE0061DD2E /* Resources */,
			);
			buildRules = (
			);
			dependencies = (
			);
			name = "app-swooch";
			productName = "app-swooch";
			productReference = A883EAA721459CBE0061DD2E /* app-swooch.app */;
			productType = "com.apple.product-type.application";
		};
/* End PBXNativeTarget section */

/* Begin PBXProject section */
		A883EA9F21459CBE0061DD2E /* Project object */ = {
			isa = PBXProject;
			attributes = {
				LastSwiftUpdateCheck = 1000;
				LastUpgradeCheck = 1000;
				ORGANIZATIONNAME = Benzino;
				TargetAttributes = {
					A883EAA621459CBE0061DD2E = {
						CreatedOnToolsVersion = 10.0;
					};
				};
			};
			buildConfigurationList = A883EAA221459CBE0061DD2E /* Build configuration list for PBXProject "app-swooch" */;
			compatibilityVersion = "Xcode 9.3";
			developmentRegion = en;
			hasScannedForEncodings = 0;
			knownRegions = (
				en,
				Base,
			);
			mainGroup = A883EA9E21459CBE0061DD2E;
			productRefGroup = A883EAA821459CBE0061DD2E /* Products */;
			projectDirPath = "";
			projectRoot = "";
			targets = (
				A883EAA621459CBE0061DD2E /* app-swooch */,
			);
		};
/* End PBXProject section */

/* Begin PBXResourcesBuildPhase section */
		A883EAA521459CBE0061DD2E /* Resources */ = {
			isa = PBXResourcesBuildPhase;
			buildActionMask = 2147483647;
			files = (
				A883EAB521459CC10061DD2E /* LaunchScreen.storyboard in Resources */,
				A883EAB221459CC10061DD2E /* Assets.xcassets in Resources */,
				A883EAB021459CBE0061DD2E /* Main.storyboard in Resources */,
			);
			runOnlyForDeploymentPostprocessing = 0;
		};
/* End PBXResourcesBuildPhase section */

/* Begin PBXSourcesBuildPhase section */
		A883EAA321459CBE0061DD2E /* Sources */ = {
			isa = PBXSourcesBuildPhase;
			buildActionMask = 2147483647;
			files = (
				A883EAAD21459CBE0061DD2E /* ViewController.swift in Sources */,
				A883EAAB21459CBE0061DD2E /* AppDelegate.swift in Sources */,
				A883EADE2145A5350061DD2E /* BorderButton.swift in Sources */,
			);
			runOnlyForDeploymentPostprocessing = 0;
		};
/* End PBXSourcesBuildPhase section */

/* Begin PBXVariantGroup section */
		A883EAAE21459CBE0061DD2E /* Main.storyboard */ = {
			isa = PBXVariantGroup;
			children = (
				A883EAAF21459CBE0061DD2E /* Base */,
			);
			name = Main.storyboard;
			sourceTree = "<group>";
		};
		A883EAB321459CC10061DD2E /* LaunchScreen.storyboard */ = {
			isa = PBXVariantGroup;
			children = (
				A883EAB421459CC10061DD2E /* Base */,
			);
			name = LaunchScreen.storyboard;
			sourceTree = "<group>";
		};
/* End PBXVariantGroup section */

/* Begin XCBuildConfiguration section */
		A883EAB721459CC10061DD2E /* Debug */ = {
			isa = XCBuildConfiguration;
			buildSettings = {
				ALWAYS_SEARCH_USER_PATHS = NO;
				CLANG_ANALYZER_NONNULL = YES;
				CLANG_ANALYZER_NUMBER_OBJECT_CONVERSION = YES_AGGRESSIVE;
				CLANG_CXX_LANGUAGE_STANDARD = "gnu++14";
				CLANG_CXX_LIBRARY = "libc++";
				CLANG_ENABLE_MODULES = YES;
				CLANG_ENABLE_OBJC_ARC = YES;
				CLANG_ENABLE_OBJC_WEAK = YES;
				CLANG_WARN_BLOCK_CAPTURE_AUTORELEASING = YES;
				CLANG_WARN_BOOL_CONVERSION = YES;
				CLANG_WARN_COMMA = YES;
				CLANG_WARN_CONSTANT_CONVERSION = YES;
				CLANG_WARN_DEPRECATED_OBJC_IMPLEMENTATIONS = YES;
				CLANG_WARN_DIRECT_OBJC_ISA_USAGE = YES_ERROR;
				CLANG_WARN_DOCUMENTATION_COMMENTS = YES;
				CLANG_WARN_EMPTY_BODY = YES;
				CLANG_WARN_ENUM_CONVERSION = YES;
				CLANG_WARN_INFINITE_RECURSION = YES;
				CLANG_WARN_INT_CONVERSION = YES;
				CLANG_WARN_NON_LITERAL_NULL_CONVERSION = YES;
				CLANG_WARN_OBJC_IMPLICIT_RETAIN_SELF = YES;
				CLANG_WARN_OBJC_LITERAL_CONVERSION = YES;
				CLANG_WARN_OBJC_ROOT_CLASS = YES_ERROR;
				CLANG_WARN_RANGE_LOOP_ANALYSIS = YES;
				CLANG_WARN_STRICT_PROTOTYPES = YES;
				CLANG_WARN_SUSPICIOUS_MOVE = YES;
				CLANG_WARN_UNGUARDED_AVAILABILITY = YES_AGGRESSIVE;
				CLANG_WARN_UNREACHABLE_CODE = YES;
				CLANG_WARN__DUPLICATE_METHOD_MATCH = YES;
				CODE_SIGN_IDENTITY = "iPhone Developer";
				COPY_PHASE_STRIP = NO;
				DEBUG_INFORMATION_FORMAT = dwarf;
				ENABLE_STRICT_OBJC_MSGSEND = YES;
				ENABLE_TESTABILITY = YES;
				GCC_C_LANGUAGE_STANDARD = gnu11;
				GCC_DYNAMIC_NO_PIC = NO;
				GCC_NO_COMMON_BLOCKS = YES;
				GCC_OPTIMIZATION_LEVEL = 0;
				GCC_PREPROCESSOR_DEFINITIONS = (
					"DEBUG=1",
					"$(inherited)",
				);
				GCC_WARN_64_TO_32_BIT_CONVERSION = YES;
				GCC_WARN_ABOUT_RETURN_TYPE = YES_ERROR;
				GCC_WARN_UNDECLARED_SELECTOR = YES;
				GCC_WARN_UNINITIALIZED_AUTOS = YES_AGGRESSIVE;
				GCC_WARN_UNUSED_FUNCTION = YES;
				GCC_WARN_UNUSED_VARIABLE = YES;
				IPHONEOS_DEPLOYMENT_TARGET = 12.0;
				MTL_ENABLE_DEBUG_INFO = INCLUDE_SOURCE;
				MTL_FAST_MATH = YES;
				ONLY_ACTIVE_ARCH = YES;
				SDKROOT = iphoneos;
				SWIFT_ACTIVE_COMPILATION_CONDITIONS = DEBUG;
				SWIFT_OPTIMIZATION_LEVEL = "-Onone";
			};
			name = Debug;
		};
		A883EAB821459CC10061DD2E /* Release */ = {
			isa = XCBuildConfiguration;
			buildSettings = {
				ALWAYS_SEARCH_USER_PATHS = NO;
				CLANG_ANALYZER_NONNULL = YES;
				CLANG_ANALYZER_NUMBER_OBJECT_CONVERSION = YES_AGGRESSIVE;
				CLANG_CXX_LANGUAGE_STANDARD = "gnu++14";
				CLANG_CXX_LIBRARY = "libc++";
				CLANG_ENABLE_MODULES = YES;
				CLANG_ENABLE_OBJC_ARC = YES;
				CLANG_ENABLE_OBJC_WEAK = YES;
				CLANG_WARN_BLOCK_CAPTURE_AUTORELEASING = YES;
				CLANG_WARN_BOOL_CONVERSION = YES;
				CLANG_WARN_COMMA = YES;
				CLANG_WARN_CONSTANT_CONVERSION = YES;
				CLANG_WARN_DEPRECATED_OBJC_IMPLEMENTATIONS = YES;
				CLANG_WARN_DIRECT_OBJC_ISA_USAGE = YES_ERROR;
				CLANG_WARN_DOCUMENTATION_COMMENTS = YES;
				CLANG_WARN_EMPTY_BODY = YES;
				CLANG_WARN_ENUM_CONVERSION = YES;
				CLANG_WARN_INFINITE_RECURSION = YES;
				CLANG_WARN_INT_CONVERSION = YES;
				CLANG_WARN_NON_LITERAL_NULL_CONVERSION = YES;
				CLANG_WARN_OBJC_IMPLICIT_RETAIN_SELF = YES;
				CLANG_WARN_OBJC_LITERAL_CONVERSION = YES;
				CLANG_WARN_OBJC_ROOT_CLASS = YES_ERROR;
				CLANG_WARN_RANGE_LOOP_ANALYSIS = YES;
				CLANG_WARN_STRICT_PROTOTYPES = YES;
				CLANG_WARN_SUSPICIOUS_MOVE = YES;
				CLANG_WARN_UNGUARDED_AVAILABILITY = YES_AGGRESSIVE;
				CLANG_WARN_UNREACHABLE_CODE = YES;
				CLANG_WARN__DUPLICATE_METHOD_MATCH = YES;
				CODE_SIGN_IDENTITY = "iPhone Developer";
				COPY_PHASE_STRIP = NO;
				DEBUG_INFORMATION_FORMAT = "dwarf-with-dsym";
				ENABLE_NS_ASSERTIONS = NO;
				ENABLE_STRICT_OBJC_MSGSEND = YES;
				GCC_C_LANGUAGE_STANDARD = gnu11;
				GCC_NO_COMMON_BLOCKS = YES;
				GCC_WARN_64_TO_32_BIT_CONVERSION = YES;
				GCC_WARN_ABOUT_RETURN_TYPE = YES_ERROR;
				GCC_WARN_UNDECLARED_SELECTOR = YES;
				GCC_WARN_UNINITIALIZED_AUTOS = YES_AGGRESSIVE;
				GCC_WARN_UNUSED_FUNCTION = YES;
				GCC_WARN_UNUSED_VARIABLE = YES;
				IPHONEOS_DEPLOYMENT_TARGET = 12.0;
				MTL_ENABLE_DEBUG_INFO = NO;
				MTL_FAST_MATH = YES;
				SDKROOT = iphoneos;
				SWIFT_COMPILATION_MODE = wholemodule;
				SWIFT_OPTIMIZATION_LEVEL = "-O";
				VALIDATE_PRODUCT = YES;
			};
			name = Release;
		};
		A883EABA21459CC10061DD2E /* Debug */ = {
			isa = XCBuildConfiguration;
			buildSettings = {
				ASSETCATALOG_COMPILER_APPICON_NAME = AppIcon;
				CODE_SIGN_STYLE = Automatic;
				DEVELOPMENT_TEAM = L2UN4Z3B6A;
				INFOPLIST_FILE = "app-swooch/Info.plist";
				LD_RUNPATH_SEARCH_PATHS = (
					"$(inherited)",
					"@executable_path/Frameworks",
				);
				PRODUCT_BUNDLE_IDENTIFIER = "self.benzino.app-swooch";
				PRODUCT_NAME = "$(TARGET_NAME)";
				SWIFT_VERSION = 4.2;
				TARGETED_DEVICE_FAMILY = "1,2";
			};
			name = Debug;
		};
		A883EABB21459CC10061DD2E /* Release */ = {
			isa = XCBuildConfiguration;
			buildSettings = {
				ASSETCATALOG_COMPILER_APPICON_NAME = AppIcon;
				CODE_SIGN_STYLE = Automatic;
				DEVELOPMENT_TEAM = L2UN4Z3B6A;
				INFOPLIST_FILE = "app-swooch/Info.plist";
				LD_RUNPATH_SEARCH_PATHS = (
					"$(inherited)",
					"@executable_path/Frameworks",
				);
				PRODUCT_BUNDLE_IDENTIFIER = "self.benzino.app-swooch";
				PRODUCT_NAME = "$(TARGET_NAME)";
				SWIFT_VERSION = 4.2;
				TARGETED_DEVICE_FAMILY = "1,2";
			};
			name = Release;
		};
/* End XCBuildConfiguration section */

/* Begin XCConfigurationList section */
		A883EAA221459CBE0061DD2E /* Build configuration list for PBXProject "app-swooch" */ = {
			isa = XCConfigurationList;
			buildConfigurations = (
				A883EAB721459CC10061DD2E /* Debug */,
				A883EAB821459CC10061DD2E /* Release */,
			);
			defaultConfigurationIsVisible = 0;
			defaultConfigurationName = Release;
		};
		A883EAB921459CC10061DD2E /* Build configuration list for PBXNativeTarget "app-swooch" */ = {
			isa = XCConfigurationList;
			buildConfigurations = (
				A883EABA21459CC10061DD2E /* Debug */,
				A883EABB21459CC10061DD2E /* Release */,
			);
			defaultConfigurationIsVisible = 0;
			defaultConfigurationName = Release;
		};
/* End XCConfigurationList section */
	};
	rootObject = A883EA9F21459CBE0061DD2E /* Project object */;
}
